# This file was autogenerated by Stack.
# You should not edit this file by hand.
# For more information, please see the documentation at:
#   https://docs.haskellstack.org/en/stable/lock_files

packages:
- completed:
    hackage: slick-1.0.1.1@sha256:bd27d2237126f8883b14c4a1e6c19b6640ed8dae5ba18e9eb8877c1ee23d5c1e,1307
    pantry-tree:
      size: 601
      sha256: dbea944bf224db953522e5c95142920aad976610e1d7434b7e71963670329ec3
  original:
    hackage: slick-1.0.1.1
- completed:
    hackage: reanimate-svg-0.9.8.0@sha256:541ea5d9677d9ad055ea0b47ce3ebdd585d7197e5bdec248a53a5d53a281519f,2507
    pantry-tree:
      size: 1117
      sha256: c7a66d694d4486c908018875515206e598946cbf2fba38fa72738231aaf3cf3e
  original:
    hackage: reanimate-svg-0.9.8.0
- completed:
    hackage: reanimate-0.2.0.2@sha256:c684f45049b5252538e42f2cab07805b452196e1d1612a8d720b567ee3e06b41,4151
    pantry-tree:
      size: 23792
      sha256: e1b26e5e40040cb58db2373012fe809f41cda57767a17a48d3c61c0093430ed7
  original:
    hackage: reanimate-0.2.0.2
snapshots:
- completed:
    size: 524996
    url: https://raw.githubusercontent.com/commercialhaskell/stackage-snapshots/master/lts/14/27.yaml
    sha256: 7ea31a280c56bf36ff591a7397cc384d0dff622e7f9e4225b47d8980f019a0f0
  original: lts-14.27
